
Microsoft Visual Studio Solution File, Format Version 12.00
# Visual Studio Version 17
VisualStudioVersion = 17.11.35303.130
MinimumVisualStudioVersion = 10.0.40219.1
Project("{FAE04EC0-301F-11D3-BF4B-00C04F79EFBC}") = "XboxKit", "XboxKit.csproj", "{C2E845E8-F25F-4E2B-9A9B-6CDB7293FDBC}"
EndProject
Global
	GlobalSection(SolutionConfigurationPlatforms) = preSolution
		Debug|Any CPU = Debug|Any CPU
		Release|Any CPU = Release|Any CPU
	EndGlobalSection
	GlobalSection(ProjectConfigurationPlatforms) = postSolution
		{C2E845E8-F25F-4E2B-9A9B-6CDB7293FDBC}.Debug|Any CPU.ActiveCfg = Debug|Any CPU
		{C2E845E8-F25F-4E2B-9A9B-6CDB7293FDBC}.Debug|Any CPU.Build.0 = Debug|Any CPU
		{C2E845E8-F25F-4E2B-9A9B-6CDB7293FDBC}.Release|Any CPU.ActiveCfg = Release|Any CPU
		{C2E845E8-F25F-4E2B-9A9B-6CDB7293FDBC}.Release|Any CPU.Build.0 = Release|Any CPU
	EndGlobalSection
	GlobalSection(SolutionProperties) = preSolution
		HideSolutionNode = FALSE
	EndGlobalSection
	GlobalSection(ExtensibilityGlobals) = postSolution
		SolutionGuid = {A91857FC-71BB-4BDB-9678-28042A53804A}
	EndGlobalSection
EndGlobal
